<?xml version="1.0" encoding="utf-8"?>
<Project ToolsVersion="4.0" xmlns="http://schemas.microsoft.com/developer/msbuild/2003">
  <ItemGroup>
    <Filter Include="Source">
      <UniqueIdentifier>{5c8ac907-7771-4ef7-8d37-275a07550eab}</UniqueIdentifier>
    </Filter>
    <Filter Include="Source\Rendering">
      <UniqueIdentifier>{db4ee276-6e1c-414a-a91f-b5b69396dd81}</UniqueIdentifier>
    </Filter>
    <Filter Include="Source\Level">
      <UniqueIdentifier>{c471782e-96e7-4851-abe3-3802928548e1}</UniqueIdentifier>
    </Filter>
    <Filter Include="Source\WorldObject">
      <UniqueIdentifier>{1030f726-830f-41c6-85a1-37a044abc4f2}</UniqueIdentifier>
    </Filter>
    <Filter Include="Source\Math">
      <UniqueIdentifier>{fd2df2cb-ab0c-4ad7-8346-32482749e1ff}</UniqueIdentifier>
    </Filter>
    <Filter Include="Source\Misc">
      <UniqueIdentifier>{b56fe871-c194-4478-be1d-401f0841d850}</UniqueIdentifier>
    </Filter>
    <Filter Include="Source\UI">
      <UniqueIdentifier>{1b13cf87-4b63-4e66-9a74-e2d94db86f49}</UniqueIdentifier>
    </Filter>
    <Filter Include="Source\MemoryManagement">
      <UniqueIdentifier>{03800e1c-d0ea-4528-91cf-a2e9065e8c29}</UniqueIdentifier>
    </Filter>
    <Filter Include="Source\Containers">
      <UniqueIdentifier>{b59c954f-ad5f-4124-ad28-dd83a8d88f3a}</UniqueIdentifier>
    </Filter>
    <Filter Include="Source\Logging">
      <UniqueIdentifier>{3cb0cee4-cbb8-467f-93ba-00c64faa73d6}</UniqueIdentifier>
    </Filter>
    <Filter Include="Source\ThirdParty">
      <UniqueIdentifier>{ff7aff61-8738-404e-bb5c-c3ee203f709a}</UniqueIdentifier>
    </Filter>
    <Filter Include="Source\Input">
      <UniqueIdentifier>{e5da5456-ab97-451f-bcb7-b8af3315f17a}</UniqueIdentifier>
    </Filter>
  </ItemGroup>
  <ItemGroup>
    <ClCompile Include="Source\Level\Level.cpp">
      <Filter>Source\Level</Filter>
    </ClCompile>
    <ClCompile Include="Source\WorldObject\WorldObject.cpp">
      <Filter>Source\WorldObject</Filter>
    </ClCompile>
    <ClCompile Include="Source\Math\Math.cpp">
      <Filter>Source\Math</Filter>
    </ClCompile>
    <ClCompile Include="Source\Math\Vector2.cpp">
      <Filter>Source\Math</Filter>
    </ClCompile>
    <ClCompile Include="Source\WorldObject\Transform.cpp">
      <Filter>Source\WorldObject</Filter>
    </ClCompile>
    <ClCompile Include="Source\Misc\PFSEngineString.cpp">
      <Filter>Source\Misc</Filter>
    </ClCompile>
    <ClCompile Include="Source\WorldObject\Transformable.cpp">
      <Filter>Source\WorldObject</Filter>
    </ClCompile>
    <ClCompile Include="Source\UI\Panel.cpp">
      <Filter>Source\UI</Filter>
    </ClCompile>
    <ClCompile Include="Source\Rendering\RenderTarget.cpp">
      <Filter>Source\Rendering</Filter>
    </ClCompile>
    <ClCompile Include="Source\Rendering\PFSEngineWindow.cpp">
      <Filter>Source\Rendering</Filter>
    </ClCompile>
    <ClCompile Include="Source\MemoryManagement\UniquePtr.cpp">
      <Filter>Source\MemoryManagement</Filter>
    </ClCompile>
    <ClCompile Include="Source\Container\Array.cpp">
      <Filter>Source\Containers</Filter>
    </ClCompile>
    <ClCompile Include="Source\UI\TreePanel.cpp">
      <Filter>Source\UI</Filter>
    </ClCompile>
    <ClCompile Include="Source\MemoryManagement\ResourceManager.cpp">
      <Filter>Source\MemoryManagement</Filter>
    </ClCompile>
    <ClCompile Include="Source\Container\PFSEngineColor.cpp">
      <Filter>Source\Containers</Filter>
    </ClCompile>
    <ClCompile Include="Source\Misc\Globals.cpp">
      <Filter>Source\Misc</Filter>
    </ClCompile>
    <ClCompile Include="Source\Input\InputManager.cpp">
      <Filter>Source\Input</Filter>
    </ClCompile>
    <ClCompile Include="Source\Logging\DebugLog.cpp">
      <Filter>Source\Logging</Filter>
    </ClCompile>
    <ClCompile Include="Source\Math\Box.cpp">
      <Filter>Source\Math</Filter>
    </ClCompile>
    <ClCompile Include="Source\Containers\QuadTree.cpp">
      <Filter>Source\Containers</Filter>
    </ClCompile>
  </ItemGroup>
  <ItemGroup>
    <ClInclude Include="Source\Level\Level.h">
      <Filter>Source\Level</Filter>
    </ClInclude>
    <ClInclude Include="Source\WorldObject\WorldObject.h">
      <Filter>Source\WorldObject</Filter>
    </ClInclude>
    <ClInclude Include="Source\Math\Math.h">
      <Filter>Source\Math</Filter>
    </ClInclude>
    <ClInclude Include="Source\Math\Vector2.h">
      <Filter>Source\Math</Filter>
    </ClInclude>
    <ClInclude Include="Source\Math\EngineDefines.h">
      <Filter>Source\Math</Filter>
    </ClInclude>
    <ClInclude Include="Source\WorldObject\Transform.h">
      <Filter>Source\WorldObject</Filter>
    </ClInclude>
    <ClInclude Include="Source\Misc\PFSEngineString.h">
      <Filter>Source\Misc</Filter>
    </ClInclude>
    <ClInclude Include="Source\WorldObject\Transformable.h">
      <Filter>Source\WorldObject</Filter>
    </ClInclude>
    <ClInclude Include="Source\UI\Panel.h">
      <Filter>Source\UI</Filter>
    </ClInclude>
    <ClInclude Include="Source\Rendering\RenderTarget.h">
      <Filter>Source\Rendering</Filter>
    </ClInclude>
    <ClInclude Include="Source\Rendering\PFSEngineWindow.h">
      <Filter>Source\Rendering</Filter>
    </ClInclude>
    <ClInclude Include="Source\MemoryManagement\UniquePtr.h">
      <Filter>Source\MemoryManagement</Filter>
    </ClInclude>
    <ClInclude Include="Source\Container\Array.h">
      <Filter>Source\Containers</Filter>
    </ClInclude>
    <ClInclude Include="Source\UI\TreePanel.h">
      <Filter>Source\UI</Filter>
    </ClInclude>
    <ClInclude Include="Source\MemoryManagement\ResourceManager.h">
      <Filter>Source\MemoryManagement</Filter>
    </ClInclude>
    <ClInclude Include="Source\ThirdParty\json.h">
      <Filter>Source\ThirdParty</Filter>
    </ClInclude>
    <ClInclude Include="Source\Container\PFSEngineColor.h">
      <Filter>Source\Containers</Filter>
    </ClInclude>
    <ClInclude Include="Source\Misc\Globals.h">
      <Filter>Source\Misc</Filter>
    </ClInclude>
    <ClInclude Include="Source\WorldObject\Nameable.h">
      <Filter>Source\WorldObject</Filter>
    </ClInclude>
    <ClInclude Include="Source\Input\InputManager.h">
      <Filter>Source\Input</Filter>
    </ClInclude>
    <ClInclude Include="Source\Input\MouseEventListener.h">
      <Filter>Source\Input</Filter>
    </ClInclude>
    <ClInclude Include="Source\Logging\DebugLog.h">
      <Filter>Source\Logging</Filter>
    </ClInclude>
    <ClInclude Include="Source\Math\Box.h">
      <Filter>Source\Math</Filter>
    </ClInclude>
    <ClInclude Include="Source\Containers\QuadTree.h">
      <Filter>Source\Containers</Filter>
    </ClInclude>
  </ItemGroup>
</Project>